
Microsoft Visual Studio Solution File, Format Version 12.00
# Visual Studio Version 17
VisualStudioVersion = 17.7.34024.191
MinimumVisualStudioVersion = 10.0.40219.1
Project("{9A19103F-16F7-4668-BE54-9A1E7A4F7556}") = "ElectronicClassManager", "ElectronicClassManager\ElectronicClassManager.csproj", "{E58BE45C-BAB3-4454-A2B2-66B83BA1A1D1}"
EndProject
Project("{E53339B2-1760-4266-BCC7-CA923CBCF16C}") = "docker-compose", "docker-compose.dcproj", "{7E9784DE-B1A2-439A-9090-2D9859B196B3}"
EndProject
Project("{9A19103F-16F7-4668-BE54-9A1E7A4F7556}") = "ElectronicClassManager.Entities", "..\ElectronicClassManager.Entities\ElectronicClassManager.Entities.csproj", "{29D9794D-2879-451F-BCFB-10166DC993CE}"
EndProject
Project("{9A19103F-16F7-4668-BE54-9A1E7A4F7556}") = "ElectronicClassManager.Entities.Storage", "..\ElectronicClassManager.Entities.Storage\ElectronicClassManager.Entities.Storage.csproj", "{221B93F0-F4BB-4F5D-8829-FA3FFA92F7F6}"
EndProject
Project("{9A19103F-16F7-4668-BE54-9A1E7A4F7556}") = "ElectronicClassManager.Db.Configuration", "..\ElectronicClassManager.Db.Configuration\ElectronicClassManager.Db.Configuration.csproj", "{6155B40B-6CB5-40D1-B9E6-ACC02597340B}"
EndProject
Project("{FAE04EC0-301F-11D3-BF4B-00C04F79EFBC}") = "ElectronicClassManager.Services", "..\ElectronicClassManager.Services\ElectronicClassManager.Services.csproj", "{CE4380D9-9E1E-487C-B1B7-14E13CE96053}"
EndProject
Project("{FAE04EC0-301F-11D3-BF4B-00C04F79EFBC}") = "ElectronicClassManager.Services.Implementations", "..\ElectronicClassManager.Services.Implementations\ElectronicClassManager.Services.Implementations.csproj", "{EBA6DC99-4509-413F-996F-AE13B5A36F80}"
EndProject
Global
	GlobalSection(SolutionConfigurationPlatforms) = preSolution
		Debug|Any CPU = Debug|Any CPU
		Release|Any CPU = Release|Any CPU
	EndGlobalSection
	GlobalSection(ProjectConfigurationPlatforms) = postSolution
		{E58BE45C-BAB3-4454-A2B2-66B83BA1A1D1}.Debug|Any CPU.ActiveCfg = Debug|Any CPU
		{E58BE45C-BAB3-4454-A2B2-66B83BA1A1D1}.Debug|Any CPU.Build.0 = Debug|Any CPU
		{E58BE45C-BAB3-4454-A2B2-66B83BA1A1D1}.Release|Any CPU.ActiveCfg = Release|Any CPU
		{E58BE45C-BAB3-4454-A2B2-66B83BA1A1D1}.Release|Any CPU.Build.0 = Release|Any CPU
		{7E9784DE-B1A2-439A-9090-2D9859B196B3}.Debug|Any CPU.ActiveCfg = Debug|Any CPU
		{7E9784DE-B1A2-439A-9090-2D9859B196B3}.Debug|Any CPU.Build.0 = Debug|Any CPU
		{7E9784DE-B1A2-439A-9090-2D9859B196B3}.Release|Any CPU.ActiveCfg = Release|Any CPU
		{7E9784DE-B1A2-439A-9090-2D9859B196B3}.Release|Any CPU.Build.0 = Release|Any CPU
		{29D9794D-2879-451F-BCFB-10166DC993CE}.Debug|Any CPU.ActiveCfg = Debug|Any CPU
		{29D9794D-2879-451F-BCFB-10166DC993CE}.Debug|Any CPU.Build.0 = Debug|Any CPU
		{29D9794D-2879-451F-BCFB-10166DC993CE}.Release|Any CPU.ActiveCfg = Release|Any CPU
		{29D9794D-2879-451F-BCFB-10166DC993CE}.Release|Any CPU.Build.0 = Release|Any CPU
		{221B93F0-F4BB-4F5D-8829-FA3FFA92F7F6}.Debug|Any CPU.ActiveCfg = Debug|Any CPU
		{221B93F0-F4BB-4F5D-8829-FA3FFA92F7F6}.Debug|Any CPU.Build.0 = Debug|Any CPU
		{221B93F0-F4BB-4F5D-8829-FA3FFA92F7F6}.Release|Any CPU.ActiveCfg = Release|Any CPU
		{221B93F0-F4BB-4F5D-8829-FA3FFA92F7F6}.Release|Any CPU.Build.0 = Release|Any CPU
		{6155B40B-6CB5-40D1-B9E6-ACC02597340B}.Debug|Any CPU.ActiveCfg = Debug|Any CPU
		{6155B40B-6CB5-40D1-B9E6-ACC02597340B}.Debug|Any CPU.Build.0 = Debug|Any CPU
		{6155B40B-6CB5-40D1-B9E6-ACC02597340B}.Release|Any CPU.ActiveCfg = Release|Any CPU
		{6155B40B-6CB5-40D1-B9E6-ACC02597340B}.Release|Any CPU.Build.0 = Release|Any CPU
		{CE4380D9-9E1E-487C-B1B7-14E13CE96053}.Debug|Any CPU.ActiveCfg = Debug|Any CPU
		{CE4380D9-9E1E-487C-B1B7-14E13CE96053}.Debug|Any CPU.Build.0 = Debug|Any CPU
		{CE4380D9-9E1E-487C-B1B7-14E13CE96053}.Release|Any CPU.ActiveCfg = Release|Any CPU
		{CE4380D9-9E1E-487C-B1B7-14E13CE96053}.Release|Any CPU.Build.0 = Release|Any CPU
		{EBA6DC99-4509-413F-996F-AE13B5A36F80}.Debug|Any CPU.ActiveCfg = Debug|Any CPU
		{EBA6DC99-4509-413F-996F-AE13B5A36F80}.Debug|Any CPU.Build.0 = Debug|Any CPU
		{EBA6DC99-4509-413F-996F-AE13B5A36F80}.Release|Any CPU.ActiveCfg = Release|Any CPU
		{EBA6DC99-4509-413F-996F-AE13B5A36F80}.Release|Any CPU.Build.0 = Release|Any CPU
	EndGlobalSection
	GlobalSection(SolutionProperties) = preSolution
		HideSolutionNode = FALSE
	EndGlobalSection
	GlobalSection(ExtensibilityGlobals) = postSolution
		SolutionGuid = {1784741C-94AE-497B-AA99-E8030672F77D}
	EndGlobalSection
EndGlobal
